
Microsoft Visual Studio Solution File, Format Version 12.00
# Visual Studio Version 17
VisualStudioVersion = 17.8.34330.188
MinimumVisualStudioVersion = 10.0.40219.1
Project("{9A19103F-16F7-4668-BE54-9A1E7A4F7556}") = "P35SearchInsertPosition", "P35SearchInsertPosition\P35SearchInsertPosition.csproj", "{9BDF1C00-D33F-46F9-BC12-600C9EEE8A3D}"
EndProject
Global
	GlobalSection(SolutionConfigurationPlatforms) = preSolution
		Debug|Any CPU = Debug|Any CPU
		Release|Any CPU = Release|Any CPU
	EndGlobalSection
	GlobalSection(ProjectConfigurationPlatforms) = postSolution
		{9BDF1C00-D33F-46F9-BC12-600C9EEE8A3D}.Debug|Any CPU.ActiveCfg = Debug|Any CPU
		{9BDF1C00-D33F-46F9-BC12-600C9EEE8A3D}.Debug|Any CPU.Build.0 = Debug|Any CPU
		{9BDF1C00-D33F-46F9-BC12-600C9EEE8A3D}.Release|Any CPU.ActiveCfg = Release|Any CPU
		{9BDF1C00-D33F-46F9-BC12-600C9EEE8A3D}.Release|Any CPU.Build.0 = Release|Any CPU
	EndGlobalSection
	GlobalSection(SolutionProperties) = preSolution
		HideSolutionNode = FALSE
	EndGlobalSection
EndGlobal
