
Microsoft Visual Studio Solution File, Format Version 12.00
# Visual Studio Version 17
VisualStudioVersion = 17.8.34330.188
MinimumVisualStudioVersion = 10.0.40219.1
Project("{9A19103F-16F7-4668-BE54-9A1E7A4F7556}") = "P0083RemoveDuplicatesFromSortedList", "P0083RemoveDuplicatesFromSortedList\P0083RemoveDuplicatesFromSortedList.csproj", "{D61C7FC6-E00E-46ED-B0DE-A11DAD3E5AEB}"
EndProject
Global
	GlobalSection(SolutionConfigurationPlatforms) = preSolution
		Debug|Any CPU = Debug|Any CPU
		Release|Any CPU = Release|Any CPU
	EndGlobalSection
	GlobalSection(ProjectConfigurationPlatforms) = postSolution
		{D61C7FC6-E00E-46ED-B0DE-A11DAD3E5AEB}.Debug|Any CPU.ActiveCfg = Debug|Any CPU
		{D61C7FC6-E00E-46ED-B0DE-A11DAD3E5AEB}.Debug|Any CPU.Build.0 = Debug|Any CPU
		{D61C7FC6-E00E-46ED-B0DE-A11DAD3E5AEB}.Release|Any CPU.ActiveCfg = Release|Any CPU
		{D61C7FC6-E00E-46ED-B0DE-A11DAD3E5AEB}.Release|Any CPU.Build.0 = Release|Any CPU
	EndGlobalSection
	GlobalSection(SolutionProperties) = preSolution
		HideSolutionNode = FALSE
	EndGlobalSection
EndGlobal
