
Microsoft Visual Studio Solution File, Format Version 12.00
# Visual Studio Version 17
VisualStudioVersion = 17.10.35027.167
MinimumVisualStudioVersion = 10.0.40219.1
Project("{FAE04EC0-301F-11D3-BF4B-00C04F79EFBC}") = "P0033SearchInRotatedSortedArray", "P0033SearchInRotatedSortedArray\P0033SearchInRotatedSortedArray.csproj", "{42B6DED3-46FF-400D-B2E3-0F0AE851855E}"
EndProject
Global
	GlobalSection(SolutionConfigurationPlatforms) = preSolution
		Debug|Any CPU = Debug|Any CPU
		Release|Any CPU = Release|Any CPU
	EndGlobalSection
	GlobalSection(ProjectConfigurationPlatforms) = postSolution
		{42B6DED3-46FF-400D-B2E3-0F0AE851855E}.Debug|Any CPU.ActiveCfg = Debug|Any CPU
		{42B6DED3-46FF-400D-B2E3-0F0AE851855E}.Debug|Any CPU.Build.0 = Debug|Any CPU
		{42B6DED3-46FF-400D-B2E3-0F0AE851855E}.Release|Any CPU.ActiveCfg = Release|Any CPU
		{42B6DED3-46FF-400D-B2E3-0F0AE851855E}.Release|Any CPU.Build.0 = Release|Any CPU
	EndGlobalSection
	GlobalSection(SolutionProperties) = preSolution
		HideSolutionNode = FALSE
	EndGlobalSection
	GlobalSection(ExtensibilityGlobals) = postSolution
		SolutionGuid = {C4E3D43F-4653-4C60-8726-672B533A09EB}
	EndGlobalSection
EndGlobal
