Microsoft Visual Studio Solution File, Format Version 12.00
# Visual Studio Version 17
VisualStudioVersion = 17.9.34728.123
MinimumVisualStudioVersion = 10.0.40219.1
Project("{9A19103F-16F7-4668-BE54-9A1E7A4F7556}") = "P3LongestSubstringWithoutRepeatingCharacters", "P3LongestSubstringWithoutRepeatingCharacters\P3LongestSubstringWithoutRepeatingCharacters.csproj", "{344FDD89-A566-4BD2-97BE-8FF7B630169B}"
EndProject
Project("{9A19103F-16F7-4668-BE54-9A1E7A4F7556}") = "Common.TestData", "..\Common.TestData\Common.TestData.csproj", "{AA17FBC4-ECF7-42B3-9DAE-F24A30A04B16}"
EndProject
Global
	GlobalSection(SolutionConfigurationPlatforms) = preSolution
		Debug|Any CPU = Debug|Any CPU
		Release|Any CPU = Release|Any CPU
	EndGlobalSection
	GlobalSection(ProjectConfigurationPlatforms) = postSolution
		{344FDD89-A566-4BD2-97BE-8FF7B630169B}.Debug|Any CPU.ActiveCfg = Debug|Any CPU
		{344FDD89-A566-4BD2-97BE-8FF7B630169B}.Debug|Any CPU.Build.0 = Debug|Any CPU
		{344FDD89-A566-4BD2-97BE-8FF7B630169B}.Release|Any CPU.ActiveCfg = Release|Any CPU
		{344FDD89-A566-4BD2-97BE-8FF7B630169B}.Release|Any CPU.Build.0 = Release|Any CPU
		{AA17FBC4-ECF7-42B3-9DAE-F24A30A04B16}.Debug|Any CPU.ActiveCfg = Debug|Any CPU
		{AA17FBC4-ECF7-42B3-9DAE-F24A30A04B16}.Debug|Any CPU.Build.0 = Debug|Any CPU
		{AA17FBC4-ECF7-42B3-9DAE-F24A30A04B16}.Release|Any CPU.ActiveCfg = Release|Any CPU
		{AA17FBC4-ECF7-42B3-9DAE-F24A30A04B16}.Release|Any CPU.Build.0 = Release|Any CPU
	EndGlobalSection
	GlobalSection(SolutionProperties) = preSolution
		HideSolutionNode = FALSE
	EndGlobalSection
EndGlobal
