
Microsoft Visual Studio Solution File, Format Version 12.00
# Visual Studio Version 17
VisualStudioVersion = 17.10.35027.167
MinimumVisualStudioVersion = 10.0.40219.1
Project("{FAE04EC0-301F-11D3-BF4B-00C04F79EFBC}") = "P0001TwoSum", "P0001TwoSum\P0001TwoSum.csproj", "{0FF37964-E569-4602-83A3-62AF985CD148}"
EndProject
Global
	GlobalSection(SolutionConfigurationPlatforms) = preSolution
		Debug|Any CPU = Debug|Any CPU
		Release|Any CPU = Release|Any CPU
	EndGlobalSection
	GlobalSection(ProjectConfigurationPlatforms) = postSolution
		{0FF37964-E569-4602-83A3-62AF985CD148}.Debug|Any CPU.ActiveCfg = Debug|Any CPU
		{0FF37964-E569-4602-83A3-62AF985CD148}.Debug|Any CPU.Build.0 = Debug|Any CPU
		{0FF37964-E569-4602-83A3-62AF985CD148}.Release|Any CPU.ActiveCfg = Release|Any CPU
		{0FF37964-E569-4602-83A3-62AF985CD148}.Release|Any CPU.Build.0 = Release|Any CPU
	EndGlobalSection
	GlobalSection(SolutionProperties) = preSolution
		HideSolutionNode = FALSE
	EndGlobalSection
	GlobalSection(ExtensibilityGlobals) = postSolution
		SolutionGuid = {AF8FFF48-BA56-45D4-809C-DB32DD879496}
	EndGlobalSection
EndGlobal
